// !$*UTF8*$!
{
	archiveVersion = 1;
	classes = {
	};
	objectVersion = 56;
	objects = {

/* Begin PBXBuildFile section */
		6B0A07322AF970C90090AB31 /* CameraViewController.swift in Sources */ = {isa = PBXBuildFile; fileRef = 6B0A07312AF970C90090AB31 /* CameraViewController.swift */; };
		6B3F92882B07DF770086053C /* SearchViewController.swift in Sources */ = {isa = PBXBuildFile; fileRef = 6B3F92872B07DF770086053C /* SearchViewController.swift */; };
		6B3F928A2B07E4EB0086053C /* UserTableViewCell.swift in Sources */ = {isa = PBXBuildFile; fileRef = 6B3F92892B07E4EB0086053C /* UserTableViewCell.swift */; };
		6BA0683D2B0BB49700A51D9E /* ForgotPasswordViewController.swift in Sources */ = {isa = PBXBuildFile; fileRef = 6BA0683C2B0BB49700A51D9E /* ForgotPasswordViewController.swift */; };
		6BBD5B852B0806F1007202C0 /* HomeViewController.swift in Sources */ = {isa = PBXBuildFile; fileRef = 6BBD5B842B0806F1007202C0 /* HomeViewController.swift */; };
		6BBD5B872B0808F9007202C0 /* ActivityTableViewCell.swift in Sources */ = {isa = PBXBuildFile; fileRef = 6BBD5B862B0808F9007202C0 /* ActivityTableViewCell.swift */; };
		6BEDD2682AF92DA800C04F45 /* Constant.swift in Sources */ = {isa = PBXBuildFile; fileRef = 6BEDD2672AF92DA800C04F45 /* Constant.swift */; };
		6BEDD26B2AF94D9900C04F45 /* HintTableViewCell.swift in Sources */ = {isa = PBXBuildFile; fileRef = 6BEDD26A2AF94D9900C04F45 /* HintTableViewCell.swift */; };
		B99816C62AF9C33900389DB2 /* Badge.swift in Sources */ = {isa = PBXBuildFile; fileRef = B99816C52AF9C33900389DB2 /* Badge.swift */; };
		ED0B2D6F2B0DD33700CFC4B6 /* MapViewController.swift in Sources */ = {isa = PBXBuildFile; fileRef = ED0B2D6E2B0DD33700CFC4B6 /* MapViewController.swift */; };
		ED3F3FC02AF5AA96003CF887 /* ScannerViewController.swift in Sources */ = {isa = PBXBuildFile; fileRef = ED3F3FBF2AF5AA96003CF887 /* ScannerViewController.swift */; };
		ED4BEE592AFDC8B3002EA825 /* UserProfileViewController.swift in Sources */ = {isa = PBXBuildFile; fileRef = ED4BEE582AFDC8B3002EA825 /* UserProfileViewController.swift */; };
		EDA4D5DE2AF714BC0042EAB2 /* UserProfile.swift in Sources */ = {isa = PBXBuildFile; fileRef = EDA4D5DD2AF714BC0042EAB2 /* UserProfile.swift */; };
		EDB2DD852AEAD54000F9826E /* AppDelegate.swift in Sources */ = {isa = PBXBuildFile; fileRef = EDB2DD842AEAD54000F9826E /* AppDelegate.swift */; };
		EDB2DD872AEAD54000F9826E /* SceneDelegate.swift in Sources */ = {isa = PBXBuildFile; fileRef = EDB2DD862AEAD54000F9826E /* SceneDelegate.swift */; };
		EDB2DD892AEAD54000F9826E /* LoginViewController.swift in Sources */ = {isa = PBXBuildFile; fileRef = EDB2DD882AEAD54000F9826E /* LoginViewController.swift */; };
		EDB2DD8C2AEAD54000F9826E /* Main.storyboard in Resources */ = {isa = PBXBuildFile; fileRef = EDB2DD8A2AEAD54000F9826E /* Main.storyboard */; };
		EDB2DD8E2AEAD54200F9826E /* Assets.xcassets in Resources */ = {isa = PBXBuildFile; fileRef = EDB2DD8D2AEAD54200F9826E /* Assets.xcassets */; };
		EDB2DD912AEAD54200F9826E /* LaunchScreen.storyboard in Resources */ = {isa = PBXBuildFile; fileRef = EDB2DD8F2AEAD54200F9826E /* LaunchScreen.storyboard */; };
		EDB2DD9C2AEAD54200F9826E /* KnightrodexTests.swift in Sources */ = {isa = PBXBuildFile; fileRef = EDB2DD9B2AEAD54200F9826E /* KnightrodexTests.swift */; };
		EDB2DDA62AEAD54200F9826E /* KnightrodexUITests.swift in Sources */ = {isa = PBXBuildFile; fileRef = EDB2DDA52AEAD54200F9826E /* KnightrodexUITests.swift */; };
		EDB2DDA82AEAD54200F9826E /* KnightrodexUITestsLaunchTests.swift in Sources */ = {isa = PBXBuildFile; fileRef = EDB2DDA72AEAD54200F9826E /* KnightrodexUITestsLaunchTests.swift */; };
		EDB2DDB52AEADD3200F9826E /* APIClient.swift in Sources */ = {isa = PBXBuildFile; fileRef = EDB2DDB42AEADD3200F9826E /* APIClient.swift */; };
		EDB2DDB72AEADE4A00F9826E /* SignUpViewController.swift in Sources */ = {isa = PBXBuildFile; fileRef = EDB2DDB62AEADE4A00F9826E /* SignUpViewController.swift */; };
		EDB2DDBB2AEADF1D00F9826E /* User.swift in Sources */ = {isa = PBXBuildFile; fileRef = EDB2DDBA2AEADF1D00F9826E /* User.swift */; };
		EDCDECE32B08759F00F52D86 /* BadgeCell.swift in Sources */ = {isa = PBXBuildFile; fileRef = EDCDECE22B08759E00F52D86 /* BadgeCell.swift */; };
		EDCDECE62B087AFC00F52D86 /* Nuke in Frameworks */ = {isa = PBXBuildFile; productRef = EDCDECE52B087AFC00F52D86 /* Nuke */; };
		EDCDECE82B088A3300F52D86 /* DetailViewController.swift in Sources */ = {isa = PBXBuildFile; fileRef = EDCDECE72B088A3300F52D86 /* DetailViewController.swift */; };
		F3E24DEA2B110FE700840DBE /* Activities.swift in Sources */ = {isa = PBXBuildFile; fileRef = F3E24DE92B110FE700840DBE /* Activities.swift */; };
/* End PBXBuildFile section */

/* Begin PBXContainerItemProxy section */
		EDB2DD982AEAD54200F9826E /* PBXContainerItemProxy */ = {
			isa = PBXContainerItemProxy;
			containerPortal = EDB2DD792AEAD54000F9826E /* Project object */;
			proxyType = 1;
			remoteGlobalIDString = EDB2DD802AEAD54000F9826E;
			remoteInfo = Knightrodex;
		};
		EDB2DDA22AEAD54200F9826E /* PBXContainerItemProxy */ = {
			isa = PBXContainerItemProxy;
			containerPortal = EDB2DD792AEAD54000F9826E /* Project object */;
			proxyType = 1;
			remoteGlobalIDString = EDB2DD802AEAD54000F9826E;
			remoteInfo = Knightrodex;
		};
/* End PBXContainerItemProxy section */

/* Begin PBXFileReference section */
		6B0A07312AF970C90090AB31 /* CameraViewController.swift */ = {isa = PBXFileReference; lastKnownFileType = sourcecode.swift; path = CameraViewController.swift; sourceTree = "<group>"; };
		6B3F92872B07DF770086053C /* SearchViewController.swift */ = {isa = PBXFileReference; lastKnownFileType = sourcecode.swift; path = SearchViewController.swift; sourceTree = "<group>"; };
		6B3F92892B07E4EB0086053C /* UserTableViewCell.swift */ = {isa = PBXFileReference; lastKnownFileType = sourcecode.swift; path = UserTableViewCell.swift; sourceTree = "<group>"; };
		6BA0683C2B0BB49700A51D9E /* ForgotPasswordViewController.swift */ = {isa = PBXFileReference; lastKnownFileType = sourcecode.swift; path = ForgotPasswordViewController.swift; sourceTree = "<group>"; };
		6BBD5B842B0806F1007202C0 /* HomeViewController.swift */ = {isa = PBXFileReference; lastKnownFileType = sourcecode.swift; path = HomeViewController.swift; sourceTree = "<group>"; };
		6BBD5B862B0808F9007202C0 /* ActivityTableViewCell.swift */ = {isa = PBXFileReference; lastKnownFileType = sourcecode.swift; path = ActivityTableViewCell.swift; sourceTree = "<group>"; };
		6BEDD2672AF92DA800C04F45 /* Constant.swift */ = {isa = PBXFileReference; lastKnownFileType = sourcecode.swift; path = Constant.swift; sourceTree = "<group>"; };
		6BEDD26A2AF94D9900C04F45 /* HintTableViewCell.swift */ = {isa = PBXFileReference; lastKnownFileType = sourcecode.swift; path = HintTableViewCell.swift; sourceTree = "<group>"; };
		B99816C52AF9C33900389DB2 /* Badge.swift */ = {isa = PBXFileReference; lastKnownFileType = sourcecode.swift; path = Badge.swift; sourceTree = "<group>"; };
		ED0B2D6E2B0DD33700CFC4B6 /* MapViewController.swift */ = {isa = PBXFileReference; lastKnownFileType = sourcecode.swift; path = MapViewController.swift; sourceTree = "<group>"; };
		ED3F3FBF2AF5AA96003CF887 /* ScannerViewController.swift */ = {isa = PBXFileReference; lastKnownFileType = sourcecode.swift; path = ScannerViewController.swift; sourceTree = "<group>"; };
		ED4BEE582AFDC8B3002EA825 /* UserProfileViewController.swift */ = {isa = PBXFileReference; lastKnownFileType = sourcecode.swift; path = UserProfileViewController.swift; sourceTree = "<group>"; };
		EDA4D5DD2AF714BC0042EAB2 /* UserProfile.swift */ = {isa = PBXFileReference; lastKnownFileType = sourcecode.swift; path = UserProfile.swift; sourceTree = "<group>"; };
		EDB2DD812AEAD54000F9826E /* Knightrodex.app */ = {isa = PBXFileReference; explicitFileType = wrapper.application; includeInIndex = 0; path = Knightrodex.app; sourceTree = BUILT_PRODUCTS_DIR; };
		EDB2DD842AEAD54000F9826E /* AppDelegate.swift */ = {isa = PBXFileReference; lastKnownFileType = sourcecode.swift; path = AppDelegate.swift; sourceTree = "<group>"; };
		EDB2DD862AEAD54000F9826E /* SceneDelegate.swift */ = {isa = PBXFileReference; lastKnownFileType = sourcecode.swift; path = SceneDelegate.swift; sourceTree = "<group>"; };
		EDB2DD882AEAD54000F9826E /* LoginViewController.swift */ = {isa = PBXFileReference; lastKnownFileType = sourcecode.swift; path = LoginViewController.swift; sourceTree = "<group>"; };
		EDB2DD8B2AEAD54000F9826E /* Base */ = {isa = PBXFileReference; lastKnownFileType = file.storyboard; name = Base; path = Base.lproj/Main.storyboard; sourceTree = "<group>"; };
		EDB2DD8D2AEAD54200F9826E /* Assets.xcassets */ = {isa = PBXFileReference; lastKnownFileType = folder.assetcatalog; path = Assets.xcassets; sourceTree = "<group>"; };
		EDB2DD902AEAD54200F9826E /* Base */ = {isa = PBXFileReference; lastKnownFileType = file.storyboard; name = Base; path = Base.lproj/LaunchScreen.storyboard; sourceTree = "<group>"; };
		EDB2DD922AEAD54200F9826E /* Info.plist */ = {isa = PBXFileReference; lastKnownFileType = text.plist.xml; path = Info.plist; sourceTree = "<group>"; };
		EDB2DD972AEAD54200F9826E /* KnightrodexTests.xctest */ = {isa = PBXFileReference; explicitFileType = wrapper.cfbundle; includeInIndex = 0; path = KnightrodexTests.xctest; sourceTree = BUILT_PRODUCTS_DIR; };
		EDB2DD9B2AEAD54200F9826E /* KnightrodexTests.swift */ = {isa = PBXFileReference; lastKnownFileType = sourcecode.swift; path = KnightrodexTests.swift; sourceTree = "<group>"; };
		EDB2DDA12AEAD54200F9826E /* KnightrodexUITests.xctest */ = {isa = PBXFileReference; explicitFileType = wrapper.cfbundle; includeInIndex = 0; path = KnightrodexUITests.xctest; sourceTree = BUILT_PRODUCTS_DIR; };
		EDB2DDA52AEAD54200F9826E /* KnightrodexUITests.swift */ = {isa = PBXFileReference; lastKnownFileType = sourcecode.swift; path = KnightrodexUITests.swift; sourceTree = "<group>"; };
		EDB2DDA72AEAD54200F9826E /* KnightrodexUITestsLaunchTests.swift */ = {isa = PBXFileReference; lastKnownFileType = sourcecode.swift; path = KnightrodexUITestsLaunchTests.swift; sourceTree = "<group>"; };
		EDB2DDB42AEADD3200F9826E /* APIClient.swift */ = {isa = PBXFileReference; lastKnownFileType = sourcecode.swift; path = APIClient.swift; sourceTree = "<group>"; };
		EDB2DDB62AEADE4A00F9826E /* SignUpViewController.swift */ = {isa = PBXFileReference; lastKnownFileType = sourcecode.swift; path = SignUpViewController.swift; sourceTree = "<group>"; };
		EDB2DDBA2AEADF1D00F9826E /* User.swift */ = {isa = PBXFileReference; lastKnownFileType = sourcecode.swift; path = User.swift; sourceTree = "<group>"; };
		EDCDECE22B08759E00F52D86 /* BadgeCell.swift */ = {isa = PBXFileReference; lastKnownFileType = sourcecode.swift; path = BadgeCell.swift; sourceTree = "<group>"; };
		EDCDECE72B088A3300F52D86 /* DetailViewController.swift */ = {isa = PBXFileReference; lastKnownFileType = sourcecode.swift; path = DetailViewController.swift; sourceTree = "<group>"; };
		F3E24DE92B110FE700840DBE /* Activities.swift */ = {isa = PBXFileReference; lastKnownFileType = sourcecode.swift; path = Activities.swift; sourceTree = "<group>"; };
/* End PBXFileReference section */

/* Begin PBXFrameworksBuildPhase section */
		EDB2DD7E2AEAD54000F9826E /* Frameworks */ = {
			isa = PBXFrameworksBuildPhase;
			buildActionMask = 2147483647;
			files = (
				EDCDECE62B087AFC00F52D86 /* Nuke in Frameworks */,
			);
			runOnlyForDeploymentPostprocessing = 0;
		};
		EDB2DD942AEAD54200F9826E /* Frameworks */ = {
			isa = PBXFrameworksBuildPhase;
			buildActionMask = 2147483647;
			files = (
			);
			runOnlyForDeploymentPostprocessing = 0;
		};
		EDB2DD9E2AEAD54200F9826E /* Frameworks */ = {
			isa = PBXFrameworksBuildPhase;
			buildActionMask = 2147483647;
			files = (
			);
			runOnlyForDeploymentPostprocessing = 0;
		};
/* End PBXFrameworksBuildPhase section */

/* Begin PBXGroup section */
		6BEDD2692AF94D5700C04F45 /* Views */ = {
			isa = PBXGroup;
			children = (
				6BEDD26A2AF94D9900C04F45 /* HintTableViewCell.swift */,
				6B3F92892B07E4EB0086053C /* UserTableViewCell.swift */,
				6BBD5B862B0808F9007202C0 /* ActivityTableViewCell.swift */,
				EDCDECE22B08759E00F52D86 /* BadgeCell.swift */,
			);
			path = Views;
			sourceTree = "<group>";
		};
		EDB2DD782AEAD54000F9826E = {
			isa = PBXGroup;
			children = (
				EDB2DD832AEAD54000F9826E /* Knightrodex */,
				EDB2DD9A2AEAD54200F9826E /* KnightrodexTests */,
				EDB2DDA42AEAD54200F9826E /* KnightrodexUITests */,
				EDB2DD822AEAD54000F9826E /* Products */,
			);
			sourceTree = "<group>";
		};
		EDB2DD822AEAD54000F9826E /* Products */ = {
			isa = PBXGroup;
			children = (
				EDB2DD812AEAD54000F9826E /* Knightrodex.app */,
				EDB2DD972AEAD54200F9826E /* KnightrodexTests.xctest */,
				EDB2DDA12AEAD54200F9826E /* KnightrodexUITests.xctest */,
			);
			name = Products;
			sourceTree = "<group>";
		};
		EDB2DD832AEAD54000F9826E /* Knightrodex */ = {
			isa = PBXGroup;
			children = (
				6BEDD2692AF94D5700C04F45 /* Views */,
				EDB2DDB92AEADE7200F9826E /* Models */,
				EDB2DDB82AEADE6900F9826E /* View Controllers */,
				EDB2DD842AEAD54000F9826E /* AppDelegate.swift */,
				EDB2DDB42AEADD3200F9826E /* APIClient.swift */,
				EDB2DD862AEAD54000F9826E /* SceneDelegate.swift */,
				EDB2DD8A2AEAD54000F9826E /* Main.storyboard */,
				EDB2DD8D2AEAD54200F9826E /* Assets.xcassets */,
				EDB2DD8F2AEAD54200F9826E /* LaunchScreen.storyboard */,
				EDB2DD922AEAD54200F9826E /* Info.plist */,
			);
			path = Knightrodex;
			sourceTree = "<group>";
		};
		EDB2DD9A2AEAD54200F9826E /* KnightrodexTests */ = {
			isa = PBXGroup;
			children = (
				EDB2DD9B2AEAD54200F9826E /* KnightrodexTests.swift */,
			);
			path = KnightrodexTests;
			sourceTree = "<group>";
		};
		EDB2DDA42AEAD54200F9826E /* KnightrodexUITests */ = {
			isa = PBXGroup;
			children = (
				EDB2DDA52AEAD54200F9826E /* KnightrodexUITests.swift */,
				EDB2DDA72AEAD54200F9826E /* KnightrodexUITestsLaunchTests.swift */,
			);
			path = KnightrodexUITests;
			sourceTree = "<group>";
		};
		EDB2DDB82AEADE6900F9826E /* View Controllers */ = {
			isa = PBXGroup;
			children = (
				EDB2DD882AEAD54000F9826E /* LoginViewController.swift */,
				EDB2DDB62AEADE4A00F9826E /* SignUpViewController.swift */,
				ED3F3FBF2AF5AA96003CF887 /* ScannerViewController.swift */,
				6B0A07312AF970C90090AB31 /* CameraViewController.swift */,
				ED4BEE582AFDC8B3002EA825 /* UserProfileViewController.swift */,
				6B3F92872B07DF770086053C /* SearchViewController.swift */,
				6BBD5B842B0806F1007202C0 /* HomeViewController.swift */,
				EDCDECE72B088A3300F52D86 /* DetailViewController.swift */,
				6BA0683C2B0BB49700A51D9E /* ForgotPasswordViewController.swift */,
				ED0B2D6E2B0DD33700CFC4B6 /* MapViewController.swift */,
			);
			path = "View Controllers";
			sourceTree = "<group>";
		};
		EDB2DDB92AEADE7200F9826E /* Models */ = {
			isa = PBXGroup;
			children = (
				EDB2DDBA2AEADF1D00F9826E /* User.swift */,
				EDA4D5DD2AF714BC0042EAB2 /* UserProfile.swift */,
				6BEDD2672AF92DA800C04F45 /* Constant.swift */,
				B99816C52AF9C33900389DB2 /* Badge.swift */,
				F3E24DE92B110FE700840DBE /* Activities.swift */,
			);
			path = Models;
			sourceTree = "<group>";
		};
/* End PBXGroup section */

/* Begin PBXNativeTarget section */
		EDB2DD802AEAD54000F9826E /* Knightrodex */ = {
			isa = PBXNativeTarget;
			buildConfigurationList = EDB2DDAB2AEAD54200F9826E /* Build configuration list for PBXNativeTarget "Knightrodex" */;
			buildPhases = (
				EDB2DD7D2AEAD54000F9826E /* Sources */,
				EDB2DD7E2AEAD54000F9826E /* Frameworks */,
				EDB2DD7F2AEAD54000F9826E /* Resources */,
			);
			buildRules = (
			);
			dependencies = (
			);
			name = Knightrodex;
			packageProductDependencies = (
				EDCDECE52B087AFC00F52D86 /* Nuke */,
			);
			productName = Knightrodex;
			productReference = EDB2DD812AEAD54000F9826E /* Knightrodex.app */;
			productType = "com.apple.product-type.application";
		};
		EDB2DD962AEAD54200F9826E /* KnightrodexTests */ = {
			isa = PBXNativeTarget;
			buildConfigurationList = EDB2DDAE2AEAD54200F9826E /* Build configuration list for PBXNativeTarget "KnightrodexTests" */;
			buildPhases = (
				EDB2DD932AEAD54200F9826E /* Sources */,
				EDB2DD942AEAD54200F9826E /* Frameworks */,
				EDB2DD952AEAD54200F9826E /* Resources */,
			);
			buildRules = (
			);
			dependencies = (
				EDB2DD992AEAD54200F9826E /* PBXTargetDependency */,
			);
			name = KnightrodexTests;
			productName = KnightrodexTests;
			productReference = EDB2DD972AEAD54200F9826E /* KnightrodexTests.xctest */;
			productType = "com.apple.product-type.bundle.unit-test";
		};
		EDB2DDA02AEAD54200F9826E /* KnightrodexUITests */ = {
			isa = PBXNativeTarget;
			buildConfigurationList = EDB2DDB12AEAD54200F9826E /* Build configuration list for PBXNativeTarget "KnightrodexUITests" */;
			buildPhases = (
				EDB2DD9D2AEAD54200F9826E /* Sources */,
				EDB2DD9E2AEAD54200F9826E /* Frameworks */,
				EDB2DD9F2AEAD54200F9826E /* Resources */,
			);
			buildRules = (
			);
			dependencies = (
				EDB2DDA32AEAD54200F9826E /* PBXTargetDependency */,
			);
			name = KnightrodexUITests;
			productName = KnightrodexUITests;
			productReference = EDB2DDA12AEAD54200F9826E /* KnightrodexUITests.xctest */;
			productType = "com.apple.product-type.bundle.ui-testing";
		};
/* End PBXNativeTarget section */

/* Begin PBXProject section */
		EDB2DD792AEAD54000F9826E /* Project object */ = {
			isa = PBXProject;
			attributes = {
				BuildIndependentTargetsInParallel = 1;
				LastSwiftUpdateCheck = 1500;
				LastUpgradeCheck = 1500;
				TargetAttributes = {
					EDB2DD802AEAD54000F9826E = {
						CreatedOnToolsVersion = 15.0.1;
					};
					EDB2DD962AEAD54200F9826E = {
						CreatedOnToolsVersion = 15.0.1;
						TestTargetID = EDB2DD802AEAD54000F9826E;
					};
					EDB2DDA02AEAD54200F9826E = {
						CreatedOnToolsVersion = 15.0.1;
						TestTargetID = EDB2DD802AEAD54000F9826E;
					};
				};
			};
			buildConfigurationList = EDB2DD7C2AEAD54000F9826E /* Build configuration list for PBXProject "Knightrodex" */;
			compatibilityVersion = "Xcode 14.0";
			developmentRegion = en;
			hasScannedForEncodings = 0;
			knownRegions = (
				en,
				Base,
			);
			mainGroup = EDB2DD782AEAD54000F9826E;
			packageReferences = (
				EDCDECE42B087AFC00F52D86 /* XCRemoteSwiftPackageReference "Nuke" */,
			);
			productRefGroup = EDB2DD822AEAD54000F9826E /* Products */;
			projectDirPath = "";
			projectRoot = "";
			targets = (
				EDB2DD802AEAD54000F9826E /* Knightrodex */,
				EDB2DD962AEAD54200F9826E /* KnightrodexTests */,
				EDB2DDA02AEAD54200F9826E /* KnightrodexUITests */,
			);
		};
/* End PBXProject section */

/* Begin PBXResourcesBuildPhase section */
		EDB2DD7F2AEAD54000F9826E /* Resources */ = {
			isa = PBXResourcesBuildPhase;
			buildActionMask = 2147483647;
			files = (
				EDB2DD912AEAD54200F9826E /* LaunchScreen.storyboard in Resources */,
				EDB2DD8E2AEAD54200F9826E /* Assets.xcassets in Resources */,
				EDB2DD8C2AEAD54000F9826E /* Main.storyboard in Resources */,
			);
			runOnlyForDeploymentPostprocessing = 0;
		};
		EDB2DD952AEAD54200F9826E /* Resources */ = {
			isa = PBXResourcesBuildPhase;
			buildActionMask = 2147483647;
			files = (
			);
			runOnlyForDeploymentPostprocessing = 0;
		};
		EDB2DD9F2AEAD54200F9826E /* Resources */ = {
			isa = PBXResourcesBuildPhase;
			buildActionMask = 2147483647;
			files = (
			);
			runOnlyForDeploymentPostprocessing = 0;
		};
/* End PBXResourcesBuildPhase section */

/* Begin PBXSourcesBuildPhase section */
		EDB2DD7D2AEAD54000F9826E /* Sources */ = {
			isa = PBXSourcesBuildPhase;
			buildActionMask = 2147483647;
			files = (
				6BEDD26B2AF94D9900C04F45 /* HintTableViewCell.swift in Sources */,
				B99816C62AF9C33900389DB2 /* Badge.swift in Sources */,
				EDB2DD892AEAD54000F9826E /* LoginViewController.swift in Sources */,
				EDB2DD852AEAD54000F9826E /* AppDelegate.swift in Sources */,
				6B3F928A2B07E4EB0086053C /* UserTableViewCell.swift in Sources */,
				EDB2DDBB2AEADF1D00F9826E /* User.swift in Sources */,
				6B0A07322AF970C90090AB31 /* CameraViewController.swift in Sources */,
				EDB2DD872AEAD54000F9826E /* SceneDelegate.swift in Sources */,
				EDB2DDB52AEADD3200F9826E /* APIClient.swift in Sources */,
				6B3F92882B07DF770086053C /* SearchViewController.swift in Sources */,
				EDCDECE82B088A3300F52D86 /* DetailViewController.swift in Sources */,
				ED4BEE592AFDC8B3002EA825 /* UserProfileViewController.swift in Sources */,
				6BBD5B872B0808F9007202C0 /* ActivityTableViewCell.swift in Sources */,
				ED0B2D6F2B0DD33700CFC4B6 /* MapViewController.swift in Sources */,
				6BBD5B852B0806F1007202C0 /* HomeViewController.swift in Sources */,
				EDCDECE32B08759F00F52D86 /* BadgeCell.swift in Sources */,
				EDB2DDB72AEADE4A00F9826E /* SignUpViewController.swift in Sources */,
				6BA0683D2B0BB49700A51D9E /* ForgotPasswordViewController.swift in Sources */,
				6BEDD2682AF92DA800C04F45 /* Constant.swift in Sources */,
				ED3F3FC02AF5AA96003CF887 /* ScannerViewController.swift in Sources */,
				F3E24DEA2B110FE700840DBE /* Activities.swift in Sources */,
				EDA4D5DE2AF714BC0042EAB2 /* UserProfile.swift in Sources */,
			);
			runOnlyForDeploymentPostprocessing = 0;
		};
		EDB2DD932AEAD54200F9826E /* Sources */ = {
			isa = PBXSourcesBuildPhase;
			buildActionMask = 2147483647;
			files = (
				EDB2DD9C2AEAD54200F9826E /* KnightrodexTests.swift in Sources */,
			);
			runOnlyForDeploymentPostprocessing = 0;
		};
		EDB2DD9D2AEAD54200F9826E /* Sources */ = {
			isa = PBXSourcesBuildPhase;
			buildActionMask = 2147483647;
			files = (
				EDB2DDA82AEAD54200F9826E /* KnightrodexUITestsLaunchTests.swift in Sources */,
				EDB2DDA62AEAD54200F9826E /* KnightrodexUITests.swift in Sources */,
			);
			runOnlyForDeploymentPostprocessing = 0;
		};
/* End PBXSourcesBuildPhase section */

/* Begin PBXTargetDependency section */
		EDB2DD992AEAD54200F9826E /* PBXTargetDependency */ = {
			isa = PBXTargetDependency;
			target = EDB2DD802AEAD54000F9826E /* Knightrodex */;
			targetProxy = EDB2DD982AEAD54200F9826E /* PBXContainerItemProxy */;
		};
		EDB2DDA32AEAD54200F9826E /* PBXTargetDependency */ = {
			isa = PBXTargetDependency;
			target = EDB2DD802AEAD54000F9826E /* Knightrodex */;
			targetProxy = EDB2DDA22AEAD54200F9826E /* PBXContainerItemProxy */;
		};
/* End PBXTargetDependency section */

/* Begin PBXVariantGroup section */
		EDB2DD8A2AEAD54000F9826E /* Main.storyboard */ = {
			isa = PBXVariantGroup;
			children = (
				EDB2DD8B2AEAD54000F9826E /* Base */,
			);
			name = Main.storyboard;
			sourceTree = "<group>";
		};
		EDB2DD8F2AEAD54200F9826E /* LaunchScreen.storyboard */ = {
			isa = PBXVariantGroup;
			children = (
				EDB2DD902AEAD54200F9826E /* Base */,
			);
			name = LaunchScreen.storyboard;
			sourceTree = "<group>";
		};
/* End PBXVariantGroup section */

/* Begin XCBuildConfiguration section */
		EDB2DDA92AEAD54200F9826E /* Debug */ = {
			isa = XCBuildConfiguration;
			buildSettings = {
				ALWAYS_SEARCH_USER_PATHS = NO;
				ASSETCATALOG_COMPILER_GENERATE_SWIFT_ASSET_SYMBOL_EXTENSIONS = YES;
				CLANG_ANALYZER_NONNULL = YES;
				CLANG_ANALYZER_NUMBER_OBJECT_CONVERSION = YES_AGGRESSIVE;
				CLANG_CXX_LANGUAGE_STANDARD = "gnu++20";
				CLANG_ENABLE_MODULES = YES;
				CLANG_ENABLE_OBJC_ARC = YES;
				CLANG_ENABLE_OBJC_WEAK = YES;
				CLANG_WARN_BLOCK_CAPTURE_AUTORELEASING = YES;
				CLANG_WARN_BOOL_CONVERSION = YES;
				CLANG_WARN_COMMA = YES;
				CLANG_WARN_CONSTANT_CONVERSION = YES;
				CLANG_WARN_DEPRECATED_OBJC_IMPLEMENTATIONS = YES;
				CLANG_WARN_DIRECT_OBJC_ISA_USAGE = YES_ERROR;
				CLANG_WARN_DOCUMENTATION_COMMENTS = YES;
				CLANG_WARN_EMPTY_BODY = YES;
				CLANG_WARN_ENUM_CONVERSION = YES;
				CLANG_WARN_INFINITE_RECURSION = YES;
				CLANG_WARN_INT_CONVERSION = YES;
				CLANG_WARN_NON_LITERAL_NULL_CONVERSION = YES;
				CLANG_WARN_OBJC_IMPLICIT_RETAIN_SELF = YES;
				CLANG_WARN_OBJC_LITERAL_CONVERSION = YES;
				CLANG_WARN_OBJC_ROOT_CLASS = YES_ERROR;
				CLANG_WARN_QUOTED_INCLUDE_IN_FRAMEWORK_HEADER = YES;
				CLANG_WARN_RANGE_LOOP_ANALYSIS = YES;
				CLANG_WARN_STRICT_PROTOTYPES = YES;
				CLANG_WARN_SUSPICIOUS_MOVE = YES;
				CLANG_WARN_UNGUARDED_AVAILABILITY = YES_AGGRESSIVE;
				CLANG_WARN_UNREACHABLE_CODE = YES;
				CLANG_WARN__DUPLICATE_METHOD_MATCH = YES;
				COPY_PHASE_STRIP = NO;
				DEBUG_INFORMATION_FORMAT = dwarf;
				ENABLE_STRICT_OBJC_MSGSEND = YES;
				ENABLE_TESTABILITY = YES;
				ENABLE_USER_SCRIPT_SANDBOXING = YES;
				GCC_C_LANGUAGE_STANDARD = gnu17;
				GCC_DYNAMIC_NO_PIC = NO;
				GCC_NO_COMMON_BLOCKS = YES;
				GCC_OPTIMIZATION_LEVEL = 0;
				GCC_PREPROCESSOR_DEFINITIONS = (
					"DEBUG=1",
					"$(inherited)",
				);
				GCC_WARN_64_TO_32_BIT_CONVERSION = YES;
				GCC_WARN_ABOUT_RETURN_TYPE = YES_ERROR;
				GCC_WARN_UNDECLARED_SELECTOR = YES;
				GCC_WARN_UNINITIALIZED_AUTOS = YES_AGGRESSIVE;
				GCC_WARN_UNUSED_FUNCTION = YES;
				GCC_WARN_UNUSED_VARIABLE = YES;
				IPHONEOS_DEPLOYMENT_TARGET = 17.0;
				LOCALIZATION_PREFERS_STRING_CATALOGS = YES;
				MTL_ENABLE_DEBUG_INFO = INCLUDE_SOURCE;
				MTL_FAST_MATH = YES;
				ONLY_ACTIVE_ARCH = YES;
				SDKROOT = iphoneos;
				SWIFT_ACTIVE_COMPILATION_CONDITIONS = "DEBUG $(inherited)";
				SWIFT_OPTIMIZATION_LEVEL = "-Onone";
			};
			name = Debug;
		};
		EDB2DDAA2AEAD54200F9826E /* Release */ = {
			isa = XCBuildConfiguration;
			buildSettings = {
				ALWAYS_SEARCH_USER_PATHS = NO;
				ASSETCATALOG_COMPILER_GENERATE_SWIFT_ASSET_SYMBOL_EXTENSIONS = YES;
				CLANG_ANALYZER_NONNULL = YES;
				CLANG_ANALYZER_NUMBER_OBJECT_CONVERSION = YES_AGGRESSIVE;
				CLANG_CXX_LANGUAGE_STANDARD = "gnu++20";
				CLANG_ENABLE_MODULES = YES;
				CLANG_ENABLE_OBJC_ARC = YES;
				CLANG_ENABLE_OBJC_WEAK = YES;
				CLANG_WARN_BLOCK_CAPTURE_AUTORELEASING = YES;
				CLANG_WARN_BOOL_CONVERSION = YES;
				CLANG_WARN_COMMA = YES;
				CLANG_WARN_CONSTANT_CONVERSION = YES;
				CLANG_WARN_DEPRECATED_OBJC_IMPLEMENTATIONS = YES;
				CLANG_WARN_DIRECT_OBJC_ISA_USAGE = YES_ERROR;
				CLANG_WARN_DOCUMENTATION_COMMENTS = YES;
				CLANG_WARN_EMPTY_BODY = YES;
				CLANG_WARN_ENUM_CONVERSION = YES;
				CLANG_WARN_INFINITE_RECURSION = YES;
				CLANG_WARN_INT_CONVERSION = YES;
				CLANG_WARN_NON_LITERAL_NULL_CONVERSION = YES;
				CLANG_WARN_OBJC_IMPLICIT_RETAIN_SELF = YES;
				CLANG_WARN_OBJC_LITERAL_CONVERSION = YES;
				CLANG_WARN_OBJC_ROOT_CLASS = YES_ERROR;
				CLANG_WARN_QUOTED_INCLUDE_IN_FRAMEWORK_HEADER = YES;
				CLANG_WARN_RANGE_LOOP_ANALYSIS = YES;
				CLANG_WARN_STRICT_PROTOTYPES = YES;
				CLANG_WARN_SUSPICIOUS_MOVE = YES;
				CLANG_WARN_UNGUARDED_AVAILABILITY = YES_AGGRESSIVE;
				CLANG_WARN_UNREACHABLE_CODE = YES;
				CLANG_WARN__DUPLICATE_METHOD_MATCH = YES;
				COPY_PHASE_STRIP = NO;
				DEBUG_INFORMATION_FORMAT = "dwarf-with-dsym";
				ENABLE_NS_ASSERTIONS = NO;
				ENABLE_STRICT_OBJC_MSGSEND = YES;
				ENABLE_USER_SCRIPT_SANDBOXING = YES;
				GCC_C_LANGUAGE_STANDARD = gnu17;
				GCC_NO_COMMON_BLOCKS = YES;
				GCC_WARN_64_TO_32_BIT_CONVERSION = YES;
				GCC_WARN_ABOUT_RETURN_TYPE = YES_ERROR;
				GCC_WARN_UNDECLARED_SELECTOR = YES;
				GCC_WARN_UNINITIALIZED_AUTOS = YES_AGGRESSIVE;
				GCC_WARN_UNUSED_FUNCTION = YES;
				GCC_WARN_UNUSED_VARIABLE = YES;
				IPHONEOS_DEPLOYMENT_TARGET = 17.0;
				LOCALIZATION_PREFERS_STRING_CATALOGS = YES;
				MTL_ENABLE_DEBUG_INFO = NO;
				MTL_FAST_MATH = YES;
				SDKROOT = iphoneos;
				SWIFT_COMPILATION_MODE = wholemodule;
				VALIDATE_PRODUCT = YES;
			};
			name = Release;
		};
		EDB2DDAC2AEAD54200F9826E /* Debug */ = {
			isa = XCBuildConfiguration;
			buildSettings = {
				ASSETCATALOG_COMPILER_APPICON_NAME = AppIcon;
				ASSETCATALOG_COMPILER_GLOBAL_ACCENT_COLOR_NAME = AccentColor;
				CODE_SIGN_STYLE = Automatic;
				CURRENT_PROJECT_VERSION = 1;
				DEVELOPMENT_TEAM = X98392J8R4;
				GENERATE_INFOPLIST_FILE = YES;
				INFOPLIST_FILE = Knightrodex/Info.plist;
				INFOPLIST_KEY_NSCameraUsageDescription = "Allow camera to scan QR codes.";
				INFOPLIST_KEY_NSLocationWhenInUseUsageDescription = "Access to camera for badge scanning.";
				INFOPLIST_KEY_UIApplicationSupportsIndirectInputEvents = YES;
				INFOPLIST_KEY_UILaunchStoryboardName = LaunchScreen;
				INFOPLIST_KEY_UIMainStoryboardFile = Main;
				INFOPLIST_KEY_UISupportedInterfaceOrientations_iPad = "UIInterfaceOrientationPortrait UIInterfaceOrientationPortraitUpsideDown UIInterfaceOrientationLandscapeLeft UIInterfaceOrientationLandscapeRight";
				INFOPLIST_KEY_UISupportedInterfaceOrientations_iPhone = "UIInterfaceOrientationPortrait UIInterfaceOrientationLandscapeLeft UIInterfaceOrientationLandscapeRight";
				IPHONEOS_DEPLOYMENT_TARGET = 16.4;
				LD_RUNPATH_SEARCH_PATHS = (
					"$(inherited)",
					"@executable_path/Frameworks",
				);
				MARKETING_VERSION = 1.0;
				PRODUCT_BUNDLE_IDENTIFIER = ram.Knightrodex;
				PRODUCT_NAME = "$(TARGET_NAME)";
				SWIFT_EMIT_LOC_STRINGS = YES;
				SWIFT_VERSION = 5.0;
				TARGETED_DEVICE_FAMILY = "1,2";
			};
			name = Debug;
		};
		EDB2DDAD2AEAD54200F9826E /* Release */ = {
			isa = XCBuildConfiguration;
			buildSettings = {
				ASSETCATALOG_COMPILER_APPICON_NAME = AppIcon;
				ASSETCATALOG_COMPILER_GLOBAL_ACCENT_COLOR_NAME = AccentColor;
				CODE_SIGN_STYLE = Automatic;
				CURRENT_PROJECT_VERSION = 1;
				DEVELOPMENT_TEAM = X98392J8R4;
				GENERATE_INFOPLIST_FILE = YES;
				INFOPLIST_FILE = Knightrodex/Info.plist;
				INFOPLIST_KEY_NSCameraUsageDescription = "Allow camera to scan QR codes.";
				INFOPLIST_KEY_NSLocationWhenInUseUsageDescription = "Access to camera for badge scanning.";
				INFOPLIST_KEY_UIApplicationSupportsIndirectInputEvents = YES;
				INFOPLIST_KEY_UILaunchStoryboardName = LaunchScreen;
				INFOPLIST_KEY_UIMainStoryboardFile = Main;
				INFOPLIST_KEY_UISupportedInterfaceOrientations_iPad = "UIInterfaceOrientationPortrait UIInterfaceOrientationPortraitUpsideDown UIInterfaceOrientationLandscapeLeft UIInterfaceOrientationLandscapeRight";
				INFOPLIST_KEY_UISupportedInterfaceOrientations_iPhone = "UIInterfaceOrientationPortrait UIInterfaceOrientationLandscapeLeft UIInterfaceOrientationLandscapeRight";
				IPHONEOS_DEPLOYMENT_TARGET = 16.4;
				LD_RUNPATH_SEARCH_PATHS = (
					"$(inherited)",
					"@executable_path/Frameworks",
				);
				MARKETING_VERSION = 1.0;
				PRODUCT_BUNDLE_IDENTIFIER = ram.Knightrodex;
				PRODUCT_NAME = "$(TARGET_NAME)";
				SWIFT_EMIT_LOC_STRINGS = YES;
				SWIFT_VERSION = 5.0;
				TARGETED_DEVICE_FAMILY = "1,2";
			};
			name = Release;
		};
		EDB2DDAF2AEAD54200F9826E /* Debug */ = {
			isa = XCBuildConfiguration;
			buildSettings = {
				ALWAYS_EMBED_SWIFT_STANDARD_LIBRARIES = YES;
				BUNDLE_LOADER = "$(TEST_HOST)";
				CODE_SIGN_STYLE = Automatic;
				CURRENT_PROJECT_VERSION = 1;
				GENERATE_INFOPLIST_FILE = YES;
				IPHONEOS_DEPLOYMENT_TARGET = 17.0;
				MARKETING_VERSION = 1.0;
				PRODUCT_BUNDLE_IDENTIFIER = ram.KnightrodexTests;
				PRODUCT_NAME = "$(TARGET_NAME)";
				SWIFT_EMIT_LOC_STRINGS = NO;
				SWIFT_VERSION = 5.0;
				TARGETED_DEVICE_FAMILY = "1,2";
				TEST_HOST = "$(BUILT_PRODUCTS_DIR)/Knightrodex.app/$(BUNDLE_EXECUTABLE_FOLDER_PATH)/Knightrodex";
			};
			name = Debug;
		};
		EDB2DDB02AEAD54200F9826E /* Release */ = {
			isa = XCBuildConfiguration;
			buildSettings = {
				ALWAYS_EMBED_SWIFT_STANDARD_LIBRARIES = YES;
				BUNDLE_LOADER = "$(TEST_HOST)";
				CODE_SIGN_STYLE = Automatic;
				CURRENT_PROJECT_VERSION = 1;
				GENERATE_INFOPLIST_FILE = YES;
				IPHONEOS_DEPLOYMENT_TARGET = 17.0;
				MARKETING_VERSION = 1.0;
				PRODUCT_BUNDLE_IDENTIFIER = ram.KnightrodexTests;
				PRODUCT_NAME = "$(TARGET_NAME)";
				SWIFT_EMIT_LOC_STRINGS = NO;
				SWIFT_VERSION = 5.0;
				TARGETED_DEVICE_FAMILY = "1,2";
				TEST_HOST = "$(BUILT_PRODUCTS_DIR)/Knightrodex.app/$(BUNDLE_EXECUTABLE_FOLDER_PATH)/Knightrodex";
			};
			name = Release;
		};
		EDB2DDB22AEAD54200F9826E /* Debug */ = {
			isa = XCBuildConfiguration;
			buildSettings = {
				ALWAYS_EMBED_SWIFT_STANDARD_LIBRARIES = YES;
				CODE_SIGN_STYLE = Automatic;
				CURRENT_PROJECT_VERSION = 1;
				GENERATE_INFOPLIST_FILE = YES;
				MARKETING_VERSION = 1.0;
				PRODUCT_BUNDLE_IDENTIFIER = ram.KnightrodexUITests;
				PRODUCT_NAME = "$(TARGET_NAME)";
				SWIFT_EMIT_LOC_STRINGS = NO;
				SWIFT_VERSION = 5.0;
				TARGETED_DEVICE_FAMILY = "1,2";
				TEST_TARGET_NAME = Knightrodex;
			};
			name = Debug;
		};
		EDB2DDB32AEAD54200F9826E /* Release */ = {
			isa = XCBuildConfiguration;
			buildSettings = {
				ALWAYS_EMBED_SWIFT_STANDARD_LIBRARIES = YES;
				CODE_SIGN_STYLE = Automatic;
				CURRENT_PROJECT_VERSION = 1;
				GENERATE_INFOPLIST_FILE = YES;
				MARKETING_VERSION = 1.0;
				PRODUCT_BUNDLE_IDENTIFIER = ram.KnightrodexUITests;
				PRODUCT_NAME = "$(TARGET_NAME)";
				SWIFT_EMIT_LOC_STRINGS = NO;
				SWIFT_VERSION = 5.0;
				TARGETED_DEVICE_FAMILY = "1,2";
				TEST_TARGET_NAME = Knightrodex;
			};
			name = Release;
		};
/* End XCBuildConfiguration section */

/* Begin XCConfigurationList section */
		EDB2DD7C2AEAD54000F9826E /* Build configuration list for PBXProject "Knightrodex" */ = {
			isa = XCConfigurationList;
			buildConfigurations = (
				EDB2DDA92AEAD54200F9826E /* Debug */,
				EDB2DDAA2AEAD54200F9826E /* Release */,
			);
			defaultConfigurationIsVisible = 0;
			defaultConfigurationName = Release;
		};
		EDB2DDAB2AEAD54200F9826E /* Build configuration list for PBXNativeTarget "Knightrodex" */ = {
			isa = XCConfigurationList;
			buildConfigurations = (
				EDB2DDAC2AEAD54200F9826E /* Debug */,
				EDB2DDAD2AEAD54200F9826E /* Release */,
			);
			defaultConfigurationIsVisible = 0;
			defaultConfigurationName = Release;
		};
		EDB2DDAE2AEAD54200F9826E /* Build configuration list for PBXNativeTarget "KnightrodexTests" */ = {
			isa = XCConfigurationList;
			buildConfigurations = (
				EDB2DDAF2AEAD54200F9826E /* Debug */,
				EDB2DDB02AEAD54200F9826E /* Release */,
			);
			defaultConfigurationIsVisible = 0;
			defaultConfigurationName = Release;
		};
		EDB2DDB12AEAD54200F9826E /* Build configuration list for PBXNativeTarget "KnightrodexUITests" */ = {
			isa = XCConfigurationList;
			buildConfigurations = (
				EDB2DDB22AEAD54200F9826E /* Debug */,
				EDB2DDB32AEAD54200F9826E /* Release */,
			);
			defaultConfigurationIsVisible = 0;
			defaultConfigurationName = Release;
		};
/* End XCConfigurationList section */

/* Begin XCRemoteSwiftPackageReference section */
		EDCDECE42B087AFC00F52D86 /* XCRemoteSwiftPackageReference "Nuke" */ = {
			isa = XCRemoteSwiftPackageReference;
			repositoryURL = "https://github.com/kean/Nuke.git";
			requirement = {
				kind = exactVersion;
				version = 9.6.1;
			};
		};
/* End XCRemoteSwiftPackageReference section */

/* Begin XCSwiftPackageProductDependency section */
		EDCDECE52B087AFC00F52D86 /* Nuke */ = {
			isa = XCSwiftPackageProductDependency;
			package = EDCDECE42B087AFC00F52D86 /* XCRemoteSwiftPackageReference "Nuke" */;
			productName = Nuke;
		};
/* End XCSwiftPackageProductDependency section */
	};
	rootObject = EDB2DD792AEAD54000F9826E /* Project object */;
}
